
Microsoft Visual Studio Solution File, Format Version 11.00
# Visual Studio 2010
Project("{FAE04EC0-301F-11D3-BF4B-00C04F79EFBC}") = "YAFCacheCleaner", "YAFCacheCleaner\YAFCacheCleaner.csproj", "{F3FE7FE7-FD5A-41FD-BEFA-7925C95C6459}"
EndProject
Project("{FAE04EC0-301F-11D3-BF4B-00C04F79EFBC}") = "YAFCacheCleanerTests", "YAFCacheCleanerTests\YAFCacheCleanerTests.csproj", "{64189D71-778B-4F2E-A388-EB6F87D960D9}"
EndProject
Project("{2150E333-8FDC-42A3-9474-1A3956D46DE8}") = "Solution Items", "Solution Items", "{A707CFA9-B5E4-4F53-B6B0-C1AD85EF29B3}"
	ProjectSection(SolutionItems) = preProject
		Local.testsettings = Local.testsettings
		TraceAndTestImpact.testsettings = TraceAndTestImpact.testsettings
		YAFCacheCleaner.vsmdi = YAFCacheCleaner.vsmdi
	EndProjectSection
EndProject
Global
	GlobalSection(TestCaseManagementSettings) = postSolution
		CategoryFile = YAFCacheCleaner.vsmdi
	EndGlobalSection
	GlobalSection(SolutionConfigurationPlatforms) = preSolution
		Debug|Any CPU = Debug|Any CPU
		Debug|Mixed Platforms = Debug|Mixed Platforms
		Debug|x86 = Debug|x86
		Release|Any CPU = Release|Any CPU
		Release|Mixed Platforms = Release|Mixed Platforms
		Release|x86 = Release|x86
	EndGlobalSection
	GlobalSection(ProjectConfigurationPlatforms) = postSolution
		{F3FE7FE7-FD5A-41FD-BEFA-7925C95C6459}.Debug|Any CPU.ActiveCfg = Debug|x86
		{F3FE7FE7-FD5A-41FD-BEFA-7925C95C6459}.Debug|Mixed Platforms.ActiveCfg = Debug|x86
		{F3FE7FE7-FD5A-41FD-BEFA-7925C95C6459}.Debug|Mixed Platforms.Build.0 = Debug|x86
		{F3FE7FE7-FD5A-41FD-BEFA-7925C95C6459}.Debug|x86.ActiveCfg = Debug|x86
		{F3FE7FE7-FD5A-41FD-BEFA-7925C95C6459}.Debug|x86.Build.0 = Debug|x86
		{F3FE7FE7-FD5A-41FD-BEFA-7925C95C6459}.Release|Any CPU.ActiveCfg = Release|x86
		{F3FE7FE7-FD5A-41FD-BEFA-7925C95C6459}.Release|Mixed Platforms.ActiveCfg = Release|x86
		{F3FE7FE7-FD5A-41FD-BEFA-7925C95C6459}.Release|Mixed Platforms.Build.0 = Release|x86
		{F3FE7FE7-FD5A-41FD-BEFA-7925C95C6459}.Release|x86.ActiveCfg = Release|x86
		{F3FE7FE7-FD5A-41FD-BEFA-7925C95C6459}.Release|x86.Build.0 = Release|x86
		{64189D71-778B-4F2E-A388-EB6F87D960D9}.Debug|Any CPU.ActiveCfg = Debug|Any CPU
		{64189D71-778B-4F2E-A388-EB6F87D960D9}.Debug|Any CPU.Build.0 = Debug|Any CPU
		{64189D71-778B-4F2E-A388-EB6F87D960D9}.Debug|Mixed Platforms.ActiveCfg = Debug|Any CPU
		{64189D71-778B-4F2E-A388-EB6F87D960D9}.Debug|Mixed Platforms.Build.0 = Debug|Any CPU
		{64189D71-778B-4F2E-A388-EB6F87D960D9}.Debug|x86.ActiveCfg = Debug|Any CPU
		{64189D71-778B-4F2E-A388-EB6F87D960D9}.Release|Any CPU.ActiveCfg = Release|Any CPU
		{64189D71-778B-4F2E-A388-EB6F87D960D9}.Release|Any CPU.Build.0 = Release|Any CPU
		{64189D71-778B-4F2E-A388-EB6F87D960D9}.Release|Mixed Platforms.ActiveCfg = Release|Any CPU
		{64189D71-778B-4F2E-A388-EB6F87D960D9}.Release|Mixed Platforms.Build.0 = Release|Any CPU
		{64189D71-778B-4F2E-A388-EB6F87D960D9}.Release|x86.ActiveCfg = Release|Any CPU
	EndGlobalSection
	GlobalSection(SolutionProperties) = preSolution
		HideSolutionNode = FALSE
	EndGlobalSection
EndGlobal
